
Microsoft Visual Studio Solution File, Format Version 12.00
# Visual Studio Version 17
VisualStudioVersion = 17.8.34330.188
MinimumVisualStudioVersion = 10.0.40219.1
Project("{FAE04EC0-301F-11D3-BF4B-00C04F79EFBC}") = "01. Odd Lines", "01. Odd Lines\01. Odd Lines.csproj", "{07C9311C-A160-4C48-BAB0-0A7840136FB2}"
EndProject
Project("{FAE04EC0-301F-11D3-BF4B-00C04F79EFBC}") = "02.LineNumbers", "02.LineNumbers\02.LineNumbers.csproj", "{34A4DA45-4A07-4DA5-9F1E-D8E87BD5CD37}"
EndProject
Project("{FAE04EC0-301F-11D3-BF4B-00C04F79EFBC}") = "03. Word Count", "03. Word Count\03. Word Count.csproj", "{2AB0C94B-C1F2-42CA-B5A4-9668E3BCE82B}"
EndProject
Project("{FAE04EC0-301F-11D3-BF4B-00C04F79EFBC}") = "04. Merge Text Files", "04. Merge Text Files\04. Merge Text Files.csproj", "{DB9D14C5-6CA3-4B84-8852-05DD3CAFE9A6}"
EndProject
Project("{FAE04EC0-301F-11D3-BF4B-00C04F79EFBC}") = "05. Extract Special Bytes", "05. Extract Special Bytes\05. Extract Special Bytes.csproj", "{27A29FBC-52BC-4824-99DE-DD9467F225EC}"
EndProject
Project("{FAE04EC0-301F-11D3-BF4B-00C04F79EFBC}") = "06. Split, Merge Binary Files", "06. Split, Merge Binary Files\06. Split, Merge Binary Files.csproj", "{B77A15F3-760D-4EB3-90E0-E5535C3A95DB}"
EndProject
Project("{FAE04EC0-301F-11D3-BF4B-00C04F79EFBC}") = "07. Folder Size", "07. Folder Size\07. Folder Size.csproj", "{CA203A0F-6AC5-4866-9E41-BE5E538E606F}"
EndProject
Global
	GlobalSection(SolutionConfigurationPlatforms) = preSolution
		Debug|Any CPU = Debug|Any CPU
		Release|Any CPU = Release|Any CPU
	EndGlobalSection
	GlobalSection(ProjectConfigurationPlatforms) = postSolution
		{07C9311C-A160-4C48-BAB0-0A7840136FB2}.Debug|Any CPU.ActiveCfg = Debug|Any CPU
		{07C9311C-A160-4C48-BAB0-0A7840136FB2}.Debug|Any CPU.Build.0 = Debug|Any CPU
		{07C9311C-A160-4C48-BAB0-0A7840136FB2}.Release|Any CPU.ActiveCfg = Release|Any CPU
		{07C9311C-A160-4C48-BAB0-0A7840136FB2}.Release|Any CPU.Build.0 = Release|Any CPU
		{34A4DA45-4A07-4DA5-9F1E-D8E87BD5CD37}.Debug|Any CPU.ActiveCfg = Debug|Any CPU
		{34A4DA45-4A07-4DA5-9F1E-D8E87BD5CD37}.Debug|Any CPU.Build.0 = Debug|Any CPU
		{34A4DA45-4A07-4DA5-9F1E-D8E87BD5CD37}.Release|Any CPU.ActiveCfg = Release|Any CPU
		{34A4DA45-4A07-4DA5-9F1E-D8E87BD5CD37}.Release|Any CPU.Build.0 = Release|Any CPU
		{2AB0C94B-C1F2-42CA-B5A4-9668E3BCE82B}.Debug|Any CPU.ActiveCfg = Debug|Any CPU
		{2AB0C94B-C1F2-42CA-B5A4-9668E3BCE82B}.Debug|Any CPU.Build.0 = Debug|Any CPU
		{2AB0C94B-C1F2-42CA-B5A4-9668E3BCE82B}.Release|Any CPU.ActiveCfg = Release|Any CPU
		{2AB0C94B-C1F2-42CA-B5A4-9668E3BCE82B}.Release|Any CPU.Build.0 = Release|Any CPU
		{DB9D14C5-6CA3-4B84-8852-05DD3CAFE9A6}.Debug|Any CPU.ActiveCfg = Debug|Any CPU
		{DB9D14C5-6CA3-4B84-8852-05DD3CAFE9A6}.Debug|Any CPU.Build.0 = Debug|Any CPU
		{DB9D14C5-6CA3-4B84-8852-05DD3CAFE9A6}.Release|Any CPU.ActiveCfg = Release|Any CPU
		{DB9D14C5-6CA3-4B84-8852-05DD3CAFE9A6}.Release|Any CPU.Build.0 = Release|Any CPU
		{27A29FBC-52BC-4824-99DE-DD9467F225EC}.Debug|Any CPU.ActiveCfg = Debug|Any CPU
		{27A29FBC-52BC-4824-99DE-DD9467F225EC}.Debug|Any CPU.Build.0 = Debug|Any CPU
		{27A29FBC-52BC-4824-99DE-DD9467F225EC}.Release|Any CPU.ActiveCfg = Release|Any CPU
		{27A29FBC-52BC-4824-99DE-DD9467F225EC}.Release|Any CPU.Build.0 = Release|Any CPU
		{B77A15F3-760D-4EB3-90E0-E5535C3A95DB}.Debug|Any CPU.ActiveCfg = Debug|Any CPU
		{B77A15F3-760D-4EB3-90E0-E5535C3A95DB}.Debug|Any CPU.Build.0 = Debug|Any CPU
		{B77A15F3-760D-4EB3-90E0-E5535C3A95DB}.Release|Any CPU.ActiveCfg = Release|Any CPU
		{B77A15F3-760D-4EB3-90E0-E5535C3A95DB}.Release|Any CPU.Build.0 = Release|Any CPU
		{CA203A0F-6AC5-4866-9E41-BE5E538E606F}.Debug|Any CPU.ActiveCfg = Debug|Any CPU
		{CA203A0F-6AC5-4866-9E41-BE5E538E606F}.Debug|Any CPU.Build.0 = Debug|Any CPU
		{CA203A0F-6AC5-4866-9E41-BE5E538E606F}.Release|Any CPU.ActiveCfg = Release|Any CPU
		{CA203A0F-6AC5-4866-9E41-BE5E538E606F}.Release|Any CPU.Build.0 = Release|Any CPU
	EndGlobalSection
	GlobalSection(SolutionProperties) = preSolution
		HideSolutionNode = FALSE
	EndGlobalSection
	GlobalSection(ExtensibilityGlobals) = postSolution
		SolutionGuid = {2E0B3AD8-A393-4D98-9966-A443EFD48169}
	EndGlobalSection
EndGlobal
